
Microsoft Visual Studio Solution File, Format Version 12.00
# Visual Studio Version 17
VisualStudioVersion = 17.7.34031.279
MinimumVisualStudioVersion = 10.0.40219.1
Project("{9A19103F-16F7-4668-BE54-9A1E7A4F7556}") = "ConsoleApp2", "ConsoleApp2.csproj", "{59FFB99D-B473-49FD-ACA8-B5BDD07D7DA5}"
EndProject
Global
	GlobalSection(SolutionConfigurationPlatforms) = preSolution
		Debug|Any CPU = Debug|Any CPU
		Release|Any CPU = Release|Any CPU
	EndGlobalSection
	GlobalSection(ProjectConfigurationPlatforms) = postSolution
		{59FFB99D-B473-49FD-ACA8-B5BDD07D7DA5}.Debug|Any CPU.ActiveCfg = Debug|Any CPU
		{59FFB99D-B473-49FD-ACA8-B5BDD07D7DA5}.Debug|Any CPU.Build.0 = Debug|Any CPU
		{59FFB99D-B473-49FD-ACA8-B5BDD07D7DA5}.Release|Any CPU.ActiveCfg = Release|Any CPU
		{59FFB99D-B473-49FD-ACA8-B5BDD07D7DA5}.Release|Any CPU.Build.0 = Release|Any CPU
	EndGlobalSection
	GlobalSection(SolutionProperties) = preSolution
		HideSolutionNode = FALSE
	EndGlobalSection
	GlobalSection(ExtensibilityGlobals) = postSolution
		SolutionGuid = {5AEC9F41-1EBB-4B81-9E9D-608745799C06}
	EndGlobalSection
EndGlobal
